
Microsoft Visual Studio Solution File, Format Version 12.00
# Visual Studio 15
VisualStudioVersion = 15.0.27703.2026
MinimumVisualStudioVersion = 10.0.40219.1
Project("{FAE04EC0-301F-11D3-BF4B-00C04F79EFBC}") = "SimpleBattleships", "SimpleBattleships\SimpleBattleships.csproj", "{D1B6F79F-2121-4776-A671-E4824181E5EF}"
EndProject
Project("{FAE04EC0-301F-11D3-BF4B-00C04F79EFBC}") = "BattleshipsUnitTests", "BattleshipsUnitTests\BattleshipsUnitTests.csproj", "{411CD69B-2159-437C-A3C9-4F91FD1B0B98}"
EndProject
Global
	GlobalSection(SolutionConfigurationPlatforms) = preSolution
		Debug|Any CPU = Debug|Any CPU
		Release|Any CPU = Release|Any CPU
	EndGlobalSection
	GlobalSection(ProjectConfigurationPlatforms) = postSolution
		{D1B6F79F-2121-4776-A671-E4824181E5EF}.Debug|Any CPU.ActiveCfg = Debug|Any CPU
		{D1B6F79F-2121-4776-A671-E4824181E5EF}.Debug|Any CPU.Build.0 = Debug|Any CPU
		{D1B6F79F-2121-4776-A671-E4824181E5EF}.Release|Any CPU.ActiveCfg = Release|Any CPU
		{D1B6F79F-2121-4776-A671-E4824181E5EF}.Release|Any CPU.Build.0 = Release|Any CPU
		{411CD69B-2159-437C-A3C9-4F91FD1B0B98}.Debug|Any CPU.ActiveCfg = Debug|Any CPU
		{411CD69B-2159-437C-A3C9-4F91FD1B0B98}.Debug|Any CPU.Build.0 = Debug|Any CPU
		{411CD69B-2159-437C-A3C9-4F91FD1B0B98}.Release|Any CPU.ActiveCfg = Release|Any CPU
		{411CD69B-2159-437C-A3C9-4F91FD1B0B98}.Release|Any CPU.Build.0 = Release|Any CPU
	EndGlobalSection
	GlobalSection(SolutionProperties) = preSolution
		HideSolutionNode = FALSE
	EndGlobalSection
	GlobalSection(ExtensibilityGlobals) = postSolution
		SolutionGuid = {8970B329-B180-4B1B-B10E-CE5189B7F1CA}
	EndGlobalSection
EndGlobal
